Microsoft Visual Studio Solution File, Format Version 12.00
# Visual Studio Version 17
VisualStudioVersion = 17.0.31903.59
MinimumVisualStudioVersion = 10.0.40219.1
Project("{2150E333-8FDC-42A3-9474-1A3956D46DE8}") = "src", "src", "{4EDB18C7-E626-498A-A610-5BFB69971283}"
EndProject
Project("{FAE04EC0-301F-11D3-BF4B-00C04F79EFBC}") = "dEngage.Loyalty.Shared", "src\dEngage.Loyalty.Shared\dEngage.Loyalty.Shared.csproj", "{8A60B622-E552-421E-903E-281124D28747}"
EndProject
Project("{FAE04EC0-301F-11D3-BF4B-00C04F79EFBC}") = "dEngage.Loyalty.Schema", "src\dEngage.Loyalty.Schema\dEngage.Loyalty.Schema.csproj", "{DDBA6428-A13C-49F8-9388-344C3A98F1CA}"
EndProject
Project("{FAE04EC0-301F-11D3-BF4B-00C04F79EFBC}") = "dEngage.Loyalty.Consumer", "src\dEngage.Loyalty.Consumer\dEngage.Loyalty.Consumer.csproj", "{C9B9C015-A127-4CA5-9AE9-80D6D00B7091}"
EndProject
Project("{FAE04EC0-301F-11D3-BF4B-00C04F79EFBC}") = "dEngage.Loyalty.RuleEngine", "src\dEngage.Loyalty.RuleEngine\dEngage.Loyalty.RuleEngine.csproj", "{EC1691E7-B15C-4F34-B1F3-1D2608AFB975}"
EndProject
Project("{FAE04EC0-301F-11D3-BF4B-00C04F79EFBC}") = "dEngage.Loyalty.Ledger", "src\dEngage.Loyalty.Ledger\dEngage.Loyalty.Ledger.csproj", "{D07D5C87-C681-4A5E-80D1-4C5F14DFD111}"
EndProject
Project("{FAE04EC0-301F-11D3-BF4B-00C04F79EFBC}") = "dEngage.Loyalty.Api", "src\dEngage.Loyalty.Api\dEngage.Loyalty.Api.csproj", "{3B3FA384-0A1E-4944-B2B3-7500FF313077}"
EndProject
Project("{FAE04EC0-301F-11D3-BF4B-00C04F79EFBC}") = "dEngage.Loyalty.TestCli", "src\dEngage.Loyalty.TestCli\dEngage.Loyalty.TestCli.csproj", "{E31BFC91-8C38-405A-AE6E-FD05583C0961}"
EndProject
Project("{FAE04EC0-301F-11D3-BF4B-00C04F79EFBC}") = "dEngage.Loyalty.CryptoCli", "src\dEngage.Loyalty.CryptoCli\dEngage.Loyalty.CryptoCli.csproj", "{E0311B52-D1E6-458F-8DB5-E6051D2A6D5C}"
EndProject
Project("{FAE04EC0-301F-11D3-BF4B-00C04F79EFBC}") = "dEngage.Loyalty.Api.Framework", "src\dEngage.Loyalty.Api.Framework\dEngage.Loyalty.Api.Framework.csproj", "{EED0B393-FF7C-4C69-8856-4D5261AF4393}"
EndProject
Project("{FAE04EC0-301F-11D3-BF4B-00C04F79EFBC}") = "dEngage.Loyalty.Engine.Framework", "src\dEngage.Loyalty.Engine.Framework\dEngage.Loyalty.Engine.Framework.csproj", "{F702DB7A-EE71-4224-B6BC-B6BBEC87B6CB}"
EndProject
Project("{FAE04EC0-301F-11D3-BF4B-00C04F79EFBC}") = "dEngage.Loyalty.Engine.Tests", "src\dEngage.Loyalty.Engine.Tests\dEngage.Loyalty.Engine.Tests.csproj", "{6CF98E10-2529-4015-8D8A-B3C243EE2C8E}"
EndProject
Project("{FAE04EC0-301F-11D3-BF4B-00C04F79EFBC}") = "dEngage.Loyalty.IntegrationTests", "src\dEngage.Loyalty.IntegrationTests\dEngage.Loyalty.IntegrationTests.csproj", "{368D938E-D8A2-488C-9C68-30F1F58AA523}"
EndProject
Global
	GlobalSection(SolutionConfigurationPlatforms) = preSolution
		Debug|Any CPU = Debug|Any CPU
		Debug|x64 = Debug|x64
		Debug|x86 = Debug|x86
		Release|Any CPU = Release|Any CPU
		Release|x64 = Release|x64
		Release|x86 = Release|x86
	EndGlobalSection
	GlobalSection(ProjectConfigurationPlatforms) = postSolution
		{8A60B622-E552-421E-903E-281124D28747}.Debug|Any CPU.ActiveCfg = Debug|Any CPU
		{8A60B622-E552-421E-903E-281124D28747}.Debug|Any CPU.Build.0 = Debug|Any CPU
		{8A60B622-E552-421E-903E-281124D28747}.Debug|x64.ActiveCfg = Debug|Any CPU
		{8A60B622-E552-421E-903E-281124D28747}.Debug|x64.Build.0 = Debug|Any CPU
		{8A60B622-E552-421E-903E-281124D28747}.Debug|x86.ActiveCfg = Debug|Any CPU
		{8A60B622-E552-421E-903E-281124D28747}.Debug|x86.Build.0 = Debug|Any CPU
		{8A60B622-E552-421E-903E-281124D28747}.Release|Any CPU.ActiveCfg = Release|Any CPU
		{8A60B622-E552-421E-903E-281124D28747}.Release|Any CPU.Build.0 = Release|Any CPU
		{8A60B622-E552-421E-903E-281124D28747}.Release|x64.ActiveCfg = Release|Any CPU
		{8A60B622-E552-421E-903E-281124D28747}.Release|x64.Build.0 = Release|Any CPU
		{8A60B622-E552-421E-903E-281124D28747}.Release|x86.ActiveCfg = Release|Any CPU
		{8A60B622-E552-421E-903E-281124D28747}.Release|x86.Build.0 = Release|Any CPU
		{DDBA6428-A13C-49F8-9388-344C3A98F1CA}.Debug|Any CPU.ActiveCfg = Debug|Any CPU
		{DDBA6428-A13C-49F8-9388-344C3A98F1CA}.Debug|Any CPU.Build.0 = Debug|Any CPU
		{DDBA6428-A13C-49F8-9388-344C3A98F1CA}.Debug|x64.ActiveCfg = Debug|Any CPU
		{DDBA6428-A13C-49F8-9388-344C3A98F1CA}.Debug|x64.Build.0 = Debug|Any CPU
		{DDBA6428-A13C-49F8-9388-344C3A98F1CA}.Debug|x86.ActiveCfg = Debug|Any CPU
		{DDBA6428-A13C-49F8-9388-344C3A98F1CA}.Debug|x86.Build.0 = Debug|Any CPU
		{DDBA6428-A13C-49F8-9388-344C3A98F1CA}.Release|Any CPU.ActiveCfg = Release|Any CPU
		{DDBA6428-A13C-49F8-9388-344C3A98F1CA}.Release|Any CPU.Build.0 = Release|Any CPU
		{DDBA6428-A13C-49F8-9388-344C3A98F1CA}.Release|x64.ActiveCfg = Release|Any CPU
		{DDBA6428-A13C-49F8-9388-344C3A98F1CA}.Release|x64.Build.0 = Release|Any CPU
		{DDBA6428-A13C-49F8-9388-344C3A98F1CA}.Release|x86.ActiveCfg = Release|Any CPU
		{DDBA6428-A13C-49F8-9388-344C3A98F1CA}.Release|x86.Build.0 = Release|Any CPU
		{C9B9C015-A127-4CA5-9AE9-80D6D00B7091}.Debug|Any CPU.ActiveCfg = Debug|Any CPU
		{C9B9C015-A127-4CA5-9AE9-80D6D00B7091}.Debug|Any CPU.Build.0 = Debug|Any CPU
		{C9B9C015-A127-4CA5-9AE9-80D6D00B7091}.Debug|x64.ActiveCfg = Debug|Any CPU
		{C9B9C015-A127-4CA5-9AE9-80D6D00B7091}.Debug|x64.Build.0 = Debug|Any CPU
		{C9B9C015-A127-4CA5-9AE9-80D6D00B7091}.Debug|x86.ActiveCfg = Debug|Any CPU
		{C9B9C015-A127-4CA5-9AE9-80D6D00B7091}.Debug|x86.Build.0 = Debug|Any CPU
		{C9B9C015-A127-4CA5-9AE9-80D6D00B7091}.Release|Any CPU.ActiveCfg = Release|Any CPU
		{C9B9C015-A127-4CA5-9AE9-80D6D00B7091}.Release|Any CPU.Build.0 = Release|Any CPU
		{C9B9C015-A127-4CA5-9AE9-80D6D00B7091}.Release|x64.ActiveCfg = Release|Any CPU
		{C9B9C015-A127-4CA5-9AE9-80D6D00B7091}.Release|x64.Build.0 = Release|Any CPU
		{C9B9C015-A127-4CA5-9AE9-80D6D00B7091}.Release|x86.ActiveCfg = Release|Any CPU
		{C9B9C015-A127-4CA5-9AE9-80D6D00B7091}.Release|x86.Build.0 = Release|Any CPU
		{EC1691E7-B15C-4F34-B1F3-1D2608AFB975}.Debug|Any CPU.ActiveCfg = Debug|Any CPU
		{EC1691E7-B15C-4F34-B1F3-1D2608AFB975}.Debug|Any CPU.Build.0 = Debug|Any CPU
		{EC1691E7-B15C-4F34-B1F3-1D2608AFB975}.Debug|x64.ActiveCfg = Debug|Any CPU
		{EC1691E7-B15C-4F34-B1F3-1D2608AFB975}.Debug|x64.Build.0 = Debug|Any CPU
		{EC1691E7-B15C-4F34-B1F3-1D2608AFB975}.Debug|x86.ActiveCfg = Debug|Any CPU
		{EC1691E7-B15C-4F34-B1F3-1D2608AFB975}.Debug|x86.Build.0 = Debug|Any CPU
		{EC1691E7-B15C-4F34-B1F3-1D2608AFB975}.Release|Any CPU.ActiveCfg = Release|Any CPU
		{EC1691E7-B15C-4F34-B1F3-1D2608AFB975}.Release|Any CPU.Build.0 = Release|Any CPU
		{EC1691E7-B15C-4F34-B1F3-1D2608AFB975}.Release|x64.ActiveCfg = Release|Any CPU
		{EC1691E7-B15C-4F34-B1F3-1D2608AFB975}.Release|x64.Build.0 = Release|Any CPU
		{EC1691E7-B15C-4F34-B1F3-1D2608AFB975}.Release|x86.ActiveCfg = Release|Any CPU
		{EC1691E7-B15C-4F34-B1F3-1D2608AFB975}.Release|x86.Build.0 = Release|Any CPU
		{D07D5C87-C681-4A5E-80D1-4C5F14DFD111}.Debug|Any CPU.ActiveCfg = Debug|Any CPU
		{D07D5C87-C681-4A5E-80D1-4C5F14DFD111}.Debug|Any CPU.Build.0 = Debug|Any CPU
		{D07D5C87-C681-4A5E-80D1-4C5F14DFD111}.Debug|x64.ActiveCfg = Debug|Any CPU
		{D07D5C87-C681-4A5E-80D1-4C5F14DFD111}.Debug|x64.Build.0 = Debug|Any CPU
		{D07D5C87-C681-4A5E-80D1-4C5F14DFD111}.Debug|x86.ActiveCfg = Debug|Any CPU
		{D07D5C87-C681-4A5E-80D1-4C5F14DFD111}.Debug|x86.Build.0 = Debug|Any CPU
		{D07D5C87-C681-4A5E-80D1-4C5F14DFD111}.Release|Any CPU.ActiveCfg = Release|Any CPU
		{D07D5C87-C681-4A5E-80D1-4C5F14DFD111}.Release|Any CPU.Build.0 = Release|Any CPU
		{D07D5C87-C681-4A5E-80D1-4C5F14DFD111}.Release|x64.ActiveCfg = Release|Any CPU
		{D07D5C87-C681-4A5E-80D1-4C5F14DFD111}.Release|x64.Build.0 = Release|Any CPU
		{D07D5C87-C681-4A5E-80D1-4C5F14DFD111}.Release|x86.ActiveCfg = Release|Any CPU
		{D07D5C87-C681-4A5E-80D1-4C5F14DFD111}.Release|x86.Build.0 = Release|Any CPU
		{3B3FA384-0A1E-4944-B2B3-7500FF313077}.Debug|Any CPU.ActiveCfg = Debug|Any CPU
		{3B3FA384-0A1E-4944-B2B3-7500FF313077}.Debug|Any CPU.Build.0 = Debug|Any CPU
		{3B3FA384-0A1E-4944-B2B3-7500FF313077}.Debug|x64.ActiveCfg = Debug|Any CPU
		{3B3FA384-0A1E-4944-B2B3-7500FF313077}.Debug|x64.Build.0 = Debug|Any CPU
		{3B3FA384-0A1E-4944-B2B3-7500FF313077}.Debug|x86.ActiveCfg = Debug|Any CPU
		{3B3FA384-0A1E-4944-B2B3-7500FF313077}.Debug|x86.Build.0 = Debug|Any CPU
		{3B3FA384-0A1E-4944-B2B3-7500FF313077}.Release|Any CPU.ActiveCfg = Release|Any CPU
		{3B3FA384-0A1E-4944-B2B3-7500FF313077}.Release|Any CPU.Build.0 = Release|Any CPU
		{3B3FA384-0A1E-4944-B2B3-7500FF313077}.Release|x64.ActiveCfg = Release|Any CPU
		{3B3FA384-0A1E-4944-B2B3-7500FF313077}.Release|x64.Build.0 = Release|Any CPU
		{3B3FA384-0A1E-4944-B2B3-7500FF313077}.Release|x86.ActiveCfg = Release|Any CPU
		{3B3FA384-0A1E-4944-B2B3-7500FF313077}.Release|x86.Build.0 = Release|Any CPU
		{E31BFC91-8C38-405A-AE6E-FD05583C0961}.Debug|Any CPU.ActiveCfg = Debug|Any CPU
		{E31BFC91-8C38-405A-AE6E-FD05583C0961}.Debug|Any CPU.Build.0 = Debug|Any CPU
		{E31BFC91-8C38-405A-AE6E-FD05583C0961}.Debug|x64.ActiveCfg = Debug|Any CPU
		{E31BFC91-8C38-405A-AE6E-FD05583C0961}.Debug|x64.Build.0 = Debug|Any CPU
		{E31BFC91-8C38-405A-AE6E-FD05583C0961}.Debug|x86.ActiveCfg = Debug|Any CPU
		{E31BFC91-8C38-405A-AE6E-FD05583C0961}.Debug|x86.Build.0 = Debug|Any CPU
		{E31BFC91-8C38-405A-AE6E-FD05583C0961}.Release|Any CPU.ActiveCfg = Release|Any CPU
		{E31BFC91-8C38-405A-AE6E-FD05583C0961}.Release|Any CPU.Build.0 = Release|Any CPU
		{E31BFC91-8C38-405A-AE6E-FD05583C0961}.Release|x64.ActiveCfg = Release|Any CPU
		{E31BFC91-8C38-405A-AE6E-FD05583C0961}.Release|x64.Build.0 = Release|Any CPU
		{E31BFC91-8C38-405A-AE6E-FD05583C0961}.Release|x86.ActiveCfg = Release|Any CPU
		{E31BFC91-8C38-405A-AE6E-FD05583C0961}.Release|x86.Build.0 = Release|Any CPU
		{E0311B52-D1E6-458F-8DB5-E6051D2A6D5C}.Debug|Any CPU.ActiveCfg = Debug|Any CPU
		{E0311B52-D1E6-458F-8DB5-E6051D2A6D5C}.Debug|Any CPU.Build.0 = Debug|Any CPU
		{E0311B52-D1E6-458F-8DB5-E6051D2A6D5C}.Debug|x64.ActiveCfg = Debug|Any CPU
		{E0311B52-D1E6-458F-8DB5-E6051D2A6D5C}.Debug|x64.Build.0 = Debug|Any CPU
		{E0311B52-D1E6-458F-8DB5-E6051D2A6D5C}.Debug|x86.ActiveCfg = Debug|Any CPU
		{E0311B52-D1E6-458F-8DB5-E6051D2A6D5C}.Debug|x86.Build.0 = Debug|Any CPU
		{E0311B52-D1E6-458F-8DB5-E6051D2A6D5C}.Release|Any CPU.ActiveCfg = Release|Any CPU
		{E0311B52-D1E6-458F-8DB5-E6051D2A6D5C}.Release|Any CPU.Build.0 = Release|Any CPU
		{E0311B52-D1E6-458F-8DB5-E6051D2A6D5C}.Release|x64.ActiveCfg = Release|Any CPU
		{E0311B52-D1E6-458F-8DB5-E6051D2A6D5C}.Release|x64.Build.0 = Release|Any CPU
		{E0311B52-D1E6-458F-8DB5-E6051D2A6D5C}.Release|x86.ActiveCfg = Release|Any CPU
		{E0311B52-D1E6-458F-8DB5-E6051D2A6D5C}.Release|x86.Build.0 = Release|Any CPU
		{EED0B393-FF7C-4C69-8856-4D5261AF4393}.Debug|Any CPU.ActiveCfg = Debug|Any CPU
		{EED0B393-FF7C-4C69-8856-4D5261AF4393}.Debug|Any CPU.Build.0 = Debug|Any CPU
		{EED0B393-FF7C-4C69-8856-4D5261AF4393}.Debug|x64.ActiveCfg = Debug|Any CPU
		{EED0B393-FF7C-4C69-8856-4D5261AF4393}.Debug|x64.Build.0 = Debug|Any CPU
		{EED0B393-FF7C-4C69-8856-4D5261AF4393}.Debug|x86.ActiveCfg = Debug|Any CPU
		{EED0B393-FF7C-4C69-8856-4D5261AF4393}.Debug|x86.Build.0 = Debug|Any CPU
		{EED0B393-FF7C-4C69-8856-4D5261AF4393}.Release|Any CPU.ActiveCfg = Release|Any CPU
		{EED0B393-FF7C-4C69-8856-4D5261AF4393}.Release|Any CPU.Build.0 = Release|Any CPU
		{EED0B393-FF7C-4C69-8856-4D5261AF4393}.Release|x64.ActiveCfg = Release|Any CPU
		{EED0B393-FF7C-4C69-8856-4D5261AF4393}.Release|x64.Build.0 = Release|Any CPU
		{EED0B393-FF7C-4C69-8856-4D5261AF4393}.Release|x86.ActiveCfg = Release|Any CPU
		{EED0B393-FF7C-4C69-8856-4D5261AF4393}.Release|x86.Build.0 = Release|Any CPU
		{F702DB7A-EE71-4224-B6BC-B6BBEC87B6CB}.Debug|Any CPU.ActiveCfg = Debug|Any CPU
		{F702DB7A-EE71-4224-B6BC-B6BBEC87B6CB}.Debug|Any CPU.Build.0 = Debug|Any CPU
		{F702DB7A-EE71-4224-B6BC-B6BBEC87B6CB}.Debug|x64.ActiveCfg = Debug|Any CPU
		{F702DB7A-EE71-4224-B6BC-B6BBEC87B6CB}.Debug|x64.Build.0 = Debug|Any CPU
		{F702DB7A-EE71-4224-B6BC-B6BBEC87B6CB}.Debug|x86.ActiveCfg = Debug|Any CPU
		{F702DB7A-EE71-4224-B6BC-B6BBEC87B6CB}.Debug|x86.Build.0 = Debug|Any CPU
		{F702DB7A-EE71-4224-B6BC-B6BBEC87B6CB}.Release|Any CPU.ActiveCfg = Release|Any CPU
		{F702DB7A-EE71-4224-B6BC-B6BBEC87B6CB}.Release|Any CPU.Build.0 = Release|Any CPU
		{F702DB7A-EE71-4224-B6BC-B6BBEC87B6CB}.Release|x64.ActiveCfg = Release|Any CPU
		{F702DB7A-EE71-4224-B6BC-B6BBEC87B6CB}.Release|x64.Build.0 = Release|Any CPU
		{F702DB7A-EE71-4224-B6BC-B6BBEC87B6CB}.Release|x86.ActiveCfg = Release|Any CPU
		{F702DB7A-EE71-4224-B6BC-B6BBEC87B6CB}.Release|x86.Build.0 = Release|Any CPU
		{6CF98E10-2529-4015-8D8A-B3C243EE2C8E}.Debug|Any CPU.ActiveCfg = Debug|Any CPU
		{6CF98E10-2529-4015-8D8A-B3C243EE2C8E}.Debug|Any CPU.Build.0 = Debug|Any CPU
		{6CF98E10-2529-4015-8D8A-B3C243EE2C8E}.Debug|x64.ActiveCfg = Debug|Any CPU
		{6CF98E10-2529-4015-8D8A-B3C243EE2C8E}.Debug|x64.Build.0 = Debug|Any CPU
		{6CF98E10-2529-4015-8D8A-B3C243EE2C8E}.Debug|x86.ActiveCfg = Debug|Any CPU
		{6CF98E10-2529-4015-8D8A-B3C243EE2C8E}.Debug|x86.Build.0 = Debug|Any CPU
		{6CF98E10-2529-4015-8D8A-B3C243EE2C8E}.Release|Any CPU.ActiveCfg = Release|Any CPU
		{6CF98E10-2529-4015-8D8A-B3C243EE2C8E}.Release|Any CPU.Build.0 = Release|Any CPU
		{6CF98E10-2529-4015-8D8A-B3C243EE2C8E}.Release|x64.ActiveCfg = Release|Any CPU
		{6CF98E10-2529-4015-8D8A-B3C243EE2C8E}.Release|x64.Build.0 = Release|Any CPU
		{6CF98E10-2529-4015-8D8A-B3C243EE2C8E}.Release|x86.ActiveCfg = Release|Any CPU
		{6CF98E10-2529-4015-8D8A-B3C243EE2C8E}.Release|x86.Build.0 = Release|Any CPU
		{368D938E-D8A2-488C-9C68-30F1F58AA523}.Debug|Any CPU.ActiveCfg = Debug|Any CPU
		{368D938E-D8A2-488C-9C68-30F1F58AA523}.Debug|Any CPU.Build.0 = Debug|Any CPU
		{368D938E-D8A2-488C-9C68-30F1F58AA523}.Debug|x64.ActiveCfg = Debug|Any CPU
		{368D938E-D8A2-488C-9C68-30F1F58AA523}.Debug|x64.Build.0 = Debug|Any CPU
		{368D938E-D8A2-488C-9C68-30F1F58AA523}.Debug|x86.ActiveCfg = Debug|Any CPU
		{368D938E-D8A2-488C-9C68-30F1F58AA523}.Debug|x86.Build.0 = Debug|Any CPU
		{368D938E-D8A2-488C-9C68-30F1F58AA523}.Release|Any CPU.ActiveCfg = Release|Any CPU
		{368D938E-D8A2-488C-9C68-30F1F58AA523}.Release|Any CPU.Build.0 = Release|Any CPU
		{368D938E-D8A2-488C-9C68-30F1F58AA523}.Release|x64.ActiveCfg = Release|Any CPU
		{368D938E-D8A2-488C-9C68-30F1F58AA523}.Release|x64.Build.0 = Release|Any CPU
		{368D938E-D8A2-488C-9C68-30F1F58AA523}.Release|x86.ActiveCfg = Release|Any CPU
		{368D938E-D8A2-488C-9C68-30F1F58AA523}.Release|x86.Build.0 = Release|Any CPU
	EndGlobalSection
	GlobalSection(SolutionProperties) = preSolution
		HideSolutionNode = FALSE
	EndGlobalSection
	GlobalSection(NestedProjects) = preSolution
		{8A60B622-E552-421E-903E-281124D28747} = {4EDB18C7-E626-498A-A610-5BFB69971283}
		{DDBA6428-A13C-49F8-9388-344C3A98F1CA} = {4EDB18C7-E626-498A-A610-5BFB69971283}
		{C9B9C015-A127-4CA5-9AE9-80D6D00B7091} = {4EDB18C7-E626-498A-A610-5BFB69971283}
		{EC1691E7-B15C-4F34-B1F3-1D2608AFB975} = {4EDB18C7-E626-498A-A610-5BFB69971283}
		{D07D5C87-C681-4A5E-80D1-4C5F14DFD111} = {4EDB18C7-E626-498A-A610-5BFB69971283}
		{3B3FA384-0A1E-4944-B2B3-7500FF313077} = {4EDB18C7-E626-498A-A610-5BFB69971283}
		{E31BFC91-8C38-405A-AE6E-FD05583C0961} = {4EDB18C7-E626-498A-A610-5BFB69971283}
		{E0311B52-D1E6-458F-8DB5-E6051D2A6D5C} = {4EDB18C7-E626-498A-A610-5BFB69971283}
		{EED0B393-FF7C-4C69-8856-4D5261AF4393} = {4EDB18C7-E626-498A-A610-5BFB69971283}
		{F702DB7A-EE71-4224-B6BC-B6BBEC87B6CB} = {4EDB18C7-E626-498A-A610-5BFB69971283}
		{6CF98E10-2529-4015-8D8A-B3C243EE2C8E} = {4EDB18C7-E626-498A-A610-5BFB69971283}
		{368D938E-D8A2-488C-9C68-30F1F58AA523} = {4EDB18C7-E626-498A-A610-5BFB69971283}
	EndGlobalSection
	GlobalSection(ExtensibilityGlobals) = postSolution
		SolutionGuid = {0D571BA6-8121-4ED7-95C6-DC66B00FF71B}
	EndGlobalSection
EndGlobal
